
Microsoft Visual Studio Solution File, Format Version 12.00
# Visual Studio Version 16
VisualStudioVersion = 16.0.29728.190
MinimumVisualStudioVersion = 15.0.26124.0
Project("{2150E333-8FDC-42A3-9474-1A3956D46DE8}") = "src", "src", "{5BB295EC-2DBB-4AEC-8F35-76F467F1D5F9}"
EndProject
Project("{2150E333-8FDC-42A3-9474-1A3956D46DE8}") = "tests", "tests", "{7234D2B4-65BE-4603-9C16-452145A8DAE6}"
EndProject
Project("{2150E333-8FDC-42A3-9474-1A3956D46DE8}") = "Solution Items", "Solution Items", "{2261611C-510B-4A2C-8A6D-478ECDBBE6B4}"
	ProjectSection(SolutionItems) = preProject
		.gitignore = .gitignore
		azure-pipelines.yml = azure-pipelines.yml
		Directory.Build.props = Directory.Build.props
		icon.png = icon.png
		ISSUE_TEMPLATE.md = ISSUE_TEMPLATE.md
		LICENSE.md = LICENSE.md
		logo.png = logo.png
		README.md = README.md
	EndProjectSection
EndProject
Project("{2150E333-8FDC-42A3-9474-1A3956D46DE8}") = "demo", "demo", "{6C0D0707-5EF6-460D-8DA6-3F4BE0CC9DD2}"
EndProject
Project("{9A19103F-16F7-4668-BE54-9A1E7A4F7556}") = "Cached", "src\Cached\Cached.csproj", "{C0660E61-04E6-4E6B-B494-2CC06DD47712}"
EndProject
Project("{9A19103F-16F7-4668-BE54-9A1E7A4F7556}") = "Cached.Tests", "tests\Cached.Tests\Cached.Tests.csproj", "{7631F3B8-451A-4D37-9479-8C5FC3F4AB78}"
EndProject
Project("{9A19103F-16F7-4668-BE54-9A1E7A4F7556}") = "Cached.Tests.Integration", "tests\Cached.Tests.Integration\Cached.Tests.Integration.csproj", "{891985FA-4401-42B2-9EAE-E0AA5DB5C16E}"
EndProject
Project("{9A19103F-16F7-4668-BE54-9A1E7A4F7556}") = "Cached.Distributed", "src\Cached.Distributed\Cached.Distributed.csproj", "{29D60555-E69C-435A-8A9D-CF86DAA75841}"
EndProject
Project("{9A19103F-16F7-4668-BE54-9A1E7A4F7556}") = "Cached.Tests.Benchmark", "tests\Cached.Tests.Benchmark\Cached.Tests.Benchmark.csproj", "{6322F6D3-5467-46CC-B9CB-1CCDC38AD9BF}"
EndProject
Project("{9A19103F-16F7-4668-BE54-9A1E7A4F7556}") = "Cached.Memory", "src\Cached.Memory\Cached.Memory.csproj", "{ED268292-AECF-454B-B166-EE391570A804}"
EndProject
Project("{9A19103F-16F7-4668-BE54-9A1E7A4F7556}") = "Cached.Demo.NetCore.Web", "demo\Cached.Demo.NetCore.Web\Cached.Demo.NetCore.Web.csproj", "{3C539EAE-87F6-4E99-A782-6D13A970CCC2}"
EndProject
Project("{9A19103F-16F7-4668-BE54-9A1E7A4F7556}") = "Cached.Demo.NetCore.Cmd", "demo\Cached.Demo.NetCore.Cmd\Cached.Demo.NetCore.Cmd.csproj", "{12E9C61E-BAEE-4450-BC55-FE8EBB3806FD}"
EndProject
Global
	GlobalSection(SolutionConfigurationPlatforms) = preSolution
		Debug|Any CPU = Debug|Any CPU
		Debug|x64 = Debug|x64
		Debug|x86 = Debug|x86
		Release|Any CPU = Release|Any CPU
		Release|x64 = Release|x64
		Release|x86 = Release|x86
	EndGlobalSection
	GlobalSection(ProjectConfigurationPlatforms) = postSolution
		{C0660E61-04E6-4E6B-B494-2CC06DD47712}.Debug|Any CPU.ActiveCfg = Debug|Any CPU
		{C0660E61-04E6-4E6B-B494-2CC06DD47712}.Debug|Any CPU.Build.0 = Debug|Any CPU
		{C0660E61-04E6-4E6B-B494-2CC06DD47712}.Debug|x64.ActiveCfg = Debug|Any CPU
		{C0660E61-04E6-4E6B-B494-2CC06DD47712}.Debug|x64.Build.0 = Debug|Any CPU
		{C0660E61-04E6-4E6B-B494-2CC06DD47712}.Debug|x86.ActiveCfg = Debug|Any CPU
		{C0660E61-04E6-4E6B-B494-2CC06DD47712}.Debug|x86.Build.0 = Debug|Any CPU
		{C0660E61-04E6-4E6B-B494-2CC06DD47712}.Release|Any CPU.ActiveCfg = Release|Any CPU
		{C0660E61-04E6-4E6B-B494-2CC06DD47712}.Release|Any CPU.Build.0 = Release|Any CPU
		{C0660E61-04E6-4E6B-B494-2CC06DD47712}.Release|x64.ActiveCfg = Release|Any CPU
		{C0660E61-04E6-4E6B-B494-2CC06DD47712}.Release|x64.Build.0 = Release|Any CPU
		{C0660E61-04E6-4E6B-B494-2CC06DD47712}.Release|x86.ActiveCfg = Release|Any CPU
		{C0660E61-04E6-4E6B-B494-2CC06DD47712}.Release|x86.Build.0 = Release|Any CPU
		{7631F3B8-451A-4D37-9479-8C5FC3F4AB78}.Debug|Any CPU.ActiveCfg = Debug|Any CPU
		{7631F3B8-451A-4D37-9479-8C5FC3F4AB78}.Debug|Any CPU.Build.0 = Debug|Any CPU
		{7631F3B8-451A-4D37-9479-8C5FC3F4AB78}.Debug|x64.ActiveCfg = Debug|Any CPU
		{7631F3B8-451A-4D37-9479-8C5FC3F4AB78}.Debug|x64.Build.0 = Debug|Any CPU
		{7631F3B8-451A-4D37-9479-8C5FC3F4AB78}.Debug|x86.ActiveCfg = Debug|Any CPU
		{7631F3B8-451A-4D37-9479-8C5FC3F4AB78}.Debug|x86.Build.0 = Debug|Any CPU
		{7631F3B8-451A-4D37-9479-8C5FC3F4AB78}.Release|Any CPU.ActiveCfg = Release|Any CPU
		{7631F3B8-451A-4D37-9479-8C5FC3F4AB78}.Release|Any CPU.Build.0 = Release|Any CPU
		{7631F3B8-451A-4D37-9479-8C5FC3F4AB78}.Release|x64.ActiveCfg = Release|Any CPU
		{7631F3B8-451A-4D37-9479-8C5FC3F4AB78}.Release|x64.Build.0 = Release|Any CPU
		{7631F3B8-451A-4D37-9479-8C5FC3F4AB78}.Release|x86.ActiveCfg = Release|Any CPU
		{7631F3B8-451A-4D37-9479-8C5FC3F4AB78}.Release|x86.Build.0 = Release|Any CPU
		{891985FA-4401-42B2-9EAE-E0AA5DB5C16E}.Debug|Any CPU.ActiveCfg = Debug|Any CPU
		{891985FA-4401-42B2-9EAE-E0AA5DB5C16E}.Debug|Any CPU.Build.0 = Debug|Any CPU
		{891985FA-4401-42B2-9EAE-E0AA5DB5C16E}.Debug|x64.ActiveCfg = Debug|Any CPU
		{891985FA-4401-42B2-9EAE-E0AA5DB5C16E}.Debug|x64.Build.0 = Debug|Any CPU
		{891985FA-4401-42B2-9EAE-E0AA5DB5C16E}.Debug|x86.ActiveCfg = Debug|Any CPU
		{891985FA-4401-42B2-9EAE-E0AA5DB5C16E}.Debug|x86.Build.0 = Debug|Any CPU
		{891985FA-4401-42B2-9EAE-E0AA5DB5C16E}.Release|Any CPU.ActiveCfg = Release|Any CPU
		{891985FA-4401-42B2-9EAE-E0AA5DB5C16E}.Release|Any CPU.Build.0 = Release|Any CPU
		{891985FA-4401-42B2-9EAE-E0AA5DB5C16E}.Release|x64.ActiveCfg = Release|Any CPU
		{891985FA-4401-42B2-9EAE-E0AA5DB5C16E}.Release|x64.Build.0 = Release|Any CPU
		{891985FA-4401-42B2-9EAE-E0AA5DB5C16E}.Release|x86.ActiveCfg = Release|Any CPU
		{891985FA-4401-42B2-9EAE-E0AA5DB5C16E}.Release|x86.Build.0 = Release|Any CPU
		{29D60555-E69C-435A-8A9D-CF86DAA75841}.Debug|Any CPU.ActiveCfg = Debug|Any CPU
		{29D60555-E69C-435A-8A9D-CF86DAA75841}.Debug|Any CPU.Build.0 = Debug|Any CPU
		{29D60555-E69C-435A-8A9D-CF86DAA75841}.Debug|x64.ActiveCfg = Debug|Any CPU
		{29D60555-E69C-435A-8A9D-CF86DAA75841}.Debug|x64.Build.0 = Debug|Any CPU
		{29D60555-E69C-435A-8A9D-CF86DAA75841}.Debug|x86.ActiveCfg = Debug|Any CPU
		{29D60555-E69C-435A-8A9D-CF86DAA75841}.Debug|x86.Build.0 = Debug|Any CPU
		{29D60555-E69C-435A-8A9D-CF86DAA75841}.Release|Any CPU.ActiveCfg = Release|Any CPU
		{29D60555-E69C-435A-8A9D-CF86DAA75841}.Release|Any CPU.Build.0 = Release|Any CPU
		{29D60555-E69C-435A-8A9D-CF86DAA75841}.Release|x64.ActiveCfg = Release|Any CPU
		{29D60555-E69C-435A-8A9D-CF86DAA75841}.Release|x64.Build.0 = Release|Any CPU
		{29D60555-E69C-435A-8A9D-CF86DAA75841}.Release|x86.ActiveCfg = Release|Any CPU
		{29D60555-E69C-435A-8A9D-CF86DAA75841}.Release|x86.Build.0 = Release|Any CPU
		{6322F6D3-5467-46CC-B9CB-1CCDC38AD9BF}.Debug|Any CPU.ActiveCfg = Debug|Any CPU
		{6322F6D3-5467-46CC-B9CB-1CCDC38AD9BF}.Debug|Any CPU.Build.0 = Debug|Any CPU
		{6322F6D3-5467-46CC-B9CB-1CCDC38AD9BF}.Debug|x64.ActiveCfg = Debug|Any CPU
		{6322F6D3-5467-46CC-B9CB-1CCDC38AD9BF}.Debug|x64.Build.0 = Debug|Any CPU
		{6322F6D3-5467-46CC-B9CB-1CCDC38AD9BF}.Debug|x86.ActiveCfg = Debug|Any CPU
		{6322F6D3-5467-46CC-B9CB-1CCDC38AD9BF}.Debug|x86.Build.0 = Debug|Any CPU
		{6322F6D3-5467-46CC-B9CB-1CCDC38AD9BF}.Release|Any CPU.ActiveCfg = Release|Any CPU
		{6322F6D3-5467-46CC-B9CB-1CCDC38AD9BF}.Release|Any CPU.Build.0 = Release|Any CPU
		{6322F6D3-5467-46CC-B9CB-1CCDC38AD9BF}.Release|x64.ActiveCfg = Release|Any CPU
		{6322F6D3-5467-46CC-B9CB-1CCDC38AD9BF}.Release|x64.Build.0 = Release|Any CPU
		{6322F6D3-5467-46CC-B9CB-1CCDC38AD9BF}.Release|x86.ActiveCfg = Release|Any CPU
		{6322F6D3-5467-46CC-B9CB-1CCDC38AD9BF}.Release|x86.Build.0 = Release|Any CPU
		{ED268292-AECF-454B-B166-EE391570A804}.Debug|Any CPU.ActiveCfg = Debug|Any CPU
		{ED268292-AECF-454B-B166-EE391570A804}.Debug|Any CPU.Build.0 = Debug|Any CPU
		{ED268292-AECF-454B-B166-EE391570A804}.Debug|x64.ActiveCfg = Debug|Any CPU
		{ED268292-AECF-454B-B166-EE391570A804}.Debug|x64.Build.0 = Debug|Any CPU
		{ED268292-AECF-454B-B166-EE391570A804}.Debug|x86.ActiveCfg = Debug|Any CPU
		{ED268292-AECF-454B-B166-EE391570A804}.Debug|x86.Build.0 = Debug|Any CPU
		{ED268292-AECF-454B-B166-EE391570A804}.Release|Any CPU.ActiveCfg = Release|Any CPU
		{ED268292-AECF-454B-B166-EE391570A804}.Release|Any CPU.Build.0 = Release|Any CPU
		{ED268292-AECF-454B-B166-EE391570A804}.Release|x64.ActiveCfg = Release|Any CPU
		{ED268292-AECF-454B-B166-EE391570A804}.Release|x64.Build.0 = Release|Any CPU
		{ED268292-AECF-454B-B166-EE391570A804}.Release|x86.ActiveCfg = Release|Any CPU
		{ED268292-AECF-454B-B166-EE391570A804}.Release|x86.Build.0 = Release|Any CPU
		{3C539EAE-87F6-4E99-A782-6D13A970CCC2}.Debug|Any CPU.ActiveCfg = Debug|Any CPU
		{3C539EAE-87F6-4E99-A782-6D13A970CCC2}.Debug|Any CPU.Build.0 = Debug|Any CPU
		{3C539EAE-87F6-4E99-A782-6D13A970CCC2}.Debug|x64.ActiveCfg = Debug|Any CPU
		{3C539EAE-87F6-4E99-A782-6D13A970CCC2}.Debug|x64.Build.0 = Debug|Any CPU
		{3C539EAE-87F6-4E99-A782-6D13A970CCC2}.Debug|x86.ActiveCfg = Debug|Any CPU
		{3C539EAE-87F6-4E99-A782-6D13A970CCC2}.Debug|x86.Build.0 = Debug|Any CPU
		{3C539EAE-87F6-4E99-A782-6D13A970CCC2}.Release|Any CPU.ActiveCfg = Release|Any CPU
		{3C539EAE-87F6-4E99-A782-6D13A970CCC2}.Release|Any CPU.Build.0 = Release|Any CPU
		{3C539EAE-87F6-4E99-A782-6D13A970CCC2}.Release|x64.ActiveCfg = Release|Any CPU
		{3C539EAE-87F6-4E99-A782-6D13A970CCC2}.Release|x64.Build.0 = Release|Any CPU
		{3C539EAE-87F6-4E99-A782-6D13A970CCC2}.Release|x86.ActiveCfg = Release|Any CPU
		{3C539EAE-87F6-4E99-A782-6D13A970CCC2}.Release|x86.Build.0 = Release|Any CPU
		{12E9C61E-BAEE-4450-BC55-FE8EBB3806FD}.Debug|Any CPU.ActiveCfg = Debug|Any CPU
		{12E9C61E-BAEE-4450-BC55-FE8EBB3806FD}.Debug|Any CPU.Build.0 = Debug|Any CPU
		{12E9C61E-BAEE-4450-BC55-FE8EBB3806FD}.Debug|x64.ActiveCfg = Debug|Any CPU
		{12E9C61E-BAEE-4450-BC55-FE8EBB3806FD}.Debug|x64.Build.0 = Debug|Any CPU
		{12E9C61E-BAEE-4450-BC55-FE8EBB3806FD}.Debug|x86.ActiveCfg = Debug|Any CPU
		{12E9C61E-BAEE-4450-BC55-FE8EBB3806FD}.Debug|x86.Build.0 = Debug|Any CPU
		{12E9C61E-BAEE-4450-BC55-FE8EBB3806FD}.Release|Any CPU.ActiveCfg = Release|Any CPU
		{12E9C61E-BAEE-4450-BC55-FE8EBB3806FD}.Release|Any CPU.Build.0 = Release|Any CPU
		{12E9C61E-BAEE-4450-BC55-FE8EBB3806FD}.Release|x64.ActiveCfg = Release|Any CPU
		{12E9C61E-BAEE-4450-BC55-FE8EBB3806FD}.Release|x64.Build.0 = Release|Any CPU
		{12E9C61E-BAEE-4450-BC55-FE8EBB3806FD}.Release|x86.ActiveCfg = Release|Any CPU
		{12E9C61E-BAEE-4450-BC55-FE8EBB3806FD}.Release|x86.Build.0 = Release|Any CPU
	EndGlobalSection
	GlobalSection(SolutionProperties) = preSolution
		HideSolutionNode = FALSE
	EndGlobalSection
	GlobalSection(NestedProjects) = preSolution
		{C0660E61-04E6-4E6B-B494-2CC06DD47712} = {5BB295EC-2DBB-4AEC-8F35-76F467F1D5F9}
		{7631F3B8-451A-4D37-9479-8C5FC3F4AB78} = {7234D2B4-65BE-4603-9C16-452145A8DAE6}
		{891985FA-4401-42B2-9EAE-E0AA5DB5C16E} = {7234D2B4-65BE-4603-9C16-452145A8DAE6}
		{29D60555-E69C-435A-8A9D-CF86DAA75841} = {5BB295EC-2DBB-4AEC-8F35-76F467F1D5F9}
		{6322F6D3-5467-46CC-B9CB-1CCDC38AD9BF} = {7234D2B4-65BE-4603-9C16-452145A8DAE6}
		{ED268292-AECF-454B-B166-EE391570A804} = {5BB295EC-2DBB-4AEC-8F35-76F467F1D5F9}
		{3C539EAE-87F6-4E99-A782-6D13A970CCC2} = {6C0D0707-5EF6-460D-8DA6-3F4BE0CC9DD2}
		{12E9C61E-BAEE-4450-BC55-FE8EBB3806FD} = {6C0D0707-5EF6-460D-8DA6-3F4BE0CC9DD2}
	EndGlobalSection
	GlobalSection(ExtensibilityGlobals) = postSolution
		SolutionGuid = {59641C8F-4E24-4085-91DC-D7E628B2FA96}
	EndGlobalSection
EndGlobal
